
Microsoft Visual Studio Solution File, Format Version 12.00
Project("{FAE04EC0-301F-11D3-BF4B-00C04F79EFBC}") = "task_15", "task_15\task_15.csproj", "{9E56DC4B-73E9-4592-984D-3536D091CA37}"
EndProject
Global
	GlobalSection(SolutionConfigurationPlatforms) = preSolution
		Debug|Any CPU = Debug|Any CPU
		Release|Any CPU = Release|Any CPU
	EndGlobalSection
	GlobalSection(ProjectConfigurationPlatforms) = postSolution
		{9E56DC4B-73E9-4592-984D-3536D091CA37}.Debug|Any CPU.ActiveCfg = Debug|Any CPU
		{9E56DC4B-73E9-4592-984D-3536D091CA37}.Debug|Any CPU.Build.0 = Debug|Any CPU
		{9E56DC4B-73E9-4592-984D-3536D091CA37}.Release|Any CPU.ActiveCfg = Release|Any CPU
		{9E56DC4B-73E9-4592-984D-3536D091CA37}.Release|Any CPU.Build.0 = Release|Any CPU
	EndGlobalSection
EndGlobal
